
Microsoft Visual Studio Solution File, Format Version 12.00
# Visual Studio Version 17
VisualStudioVersion = 17.6.33801.468
MinimumVisualStudioVersion = 10.0.40219.1
Project("{FAE04EC0-301F-11D3-BF4B-00C04F79EFBC}") = "interfaces", "interfaces.csproj", "{A1BEDD09-B045-4D1C-A866-A29635EA429D}"
EndProject
Global
	GlobalSection(SolutionConfigurationPlatforms) = preSolution
		Debug|Any CPU = Debug|Any CPU
		Release|Any CPU = Release|Any CPU
	EndGlobalSection
	GlobalSection(ProjectConfigurationPlatforms) = postSolution
		{A1BEDD09-B045-4D1C-A866-A29635EA429D}.Debug|Any CPU.ActiveCfg = Debug|Any CPU
		{A1BEDD09-B045-4D1C-A866-A29635EA429D}.Debug|Any CPU.Build.0 = Debug|Any CPU
		{A1BEDD09-B045-4D1C-A866-A29635EA429D}.Release|Any CPU.ActiveCfg = Release|Any CPU
		{A1BEDD09-B045-4D1C-A866-A29635EA429D}.Release|Any CPU.Build.0 = Release|Any CPU
	EndGlobalSection
	GlobalSection(SolutionProperties) = preSolution
		HideSolutionNode = FALSE
	EndGlobalSection
	GlobalSection(ExtensibilityGlobals) = postSolution
		SolutionGuid = {76E4088A-7069-4690-B2FC-6A2F07CEB6EF}
	EndGlobalSection
EndGlobal
